
Microsoft Visual Studio Solution File, Format Version 12.00
# Visual Studio Version 16
VisualStudioVersion = 16.0.31410.357
MinimumVisualStudioVersion = 10.0.40219.1
Project("{FAE04EC0-301F-11D3-BF4B-00C04F79EFBC}") = "senai_spmedgroup_webApi", "senai_spmedgroup_webApi\senai_spmedgroup_webApi.csproj", "{C5194B76-9F5C-4CD3-ABA6-4BEEB626939E}"
EndProject
Global
	GlobalSection(SolutionConfigurationPlatforms) = preSolution
		Debug|Any CPU = Debug|Any CPU
		Release|Any CPU = Release|Any CPU
	EndGlobalSection
	GlobalSection(ProjectConfigurationPlatforms) = postSolution
		{C5194B76-9F5C-4CD3-ABA6-4BEEB626939E}.Debug|Any CPU.ActiveCfg = Debug|Any CPU
		{C5194B76-9F5C-4CD3-ABA6-4BEEB626939E}.Debug|Any CPU.Build.0 = Debug|Any CPU
		{C5194B76-9F5C-4CD3-ABA6-4BEEB626939E}.Release|Any CPU.ActiveCfg = Release|Any CPU
		{C5194B76-9F5C-4CD3-ABA6-4BEEB626939E}.Release|Any CPU.Build.0 = Release|Any CPU
	EndGlobalSection
	GlobalSection(SolutionProperties) = preSolution
		HideSolutionNode = FALSE
	EndGlobalSection
	GlobalSection(ExtensibilityGlobals) = postSolution
		SolutionGuid = {3E508F14-2EA8-4C1D-9CE8-40FDE04D905C}
	EndGlobalSection
EndGlobal
